# THIS IS AN AUTOGENERATED FILE. DO NOT EDIT THIS FILE DIRECTLY.
# yarn lockfile v1


chrono-node@^2.3.9:
  version "2.3.9"
  resolved "https://registry.yarnpkg.com/chrono-node/-/chrono-node-2.3.9.tgz#27f6174f796d094721566d7b00fd514501ad6ef5"
  integrity sha512-Qg6zmsGwaWzWiMKapr060sL6zgfBIkTxnyCTd7KGQ0YDTYg0VvBfqRRBuaOkGjiVGdKPM/cp4QQTLcpUhZQxXg==
  dependencies:
    dayjs "^1.10.0"

dayjs@^1.10.0:
  version "1.11.5"
  resolved "https://registry.yarnpkg.com/dayjs/-/dayjs-1.11.5.tgz#00e8cc627f231f9499c19b38af49f56dc0ac5e93"
  integrity sha512-CAdX5Q3YW3Gclyo5Vpqkgpj8fSdLQcRuzfX6mC6Phy0nfJ0eGYOeS7m4mt2plDWLAtA4TqTakvbboHvUxfe4iA==
